
Microsoft Visual Studio Solution File, Format Version 12.00
# Visual Studio Version 17
VisualStudioVersion = 17.1.32319.34
MinimumVisualStudioVersion = 10.0.40219.1
Project("{2150E333-8FDC-42A3-9474-1A3956D46DE8}") = "99 Presentation", "99 Presentation", "{2090C6B3-F50B-40B7-B5F6-76AEF47437DE}"
EndProject
Project("{9A19103F-16F7-4668-BE54-9A1E7A4F7556}") = "BrewUpApi", "BrewUpApi\BrewUpApi.csproj", "{7D069BAC-89C3-4E44-AE7A-A53139A52028}"
EndProject
Project("{2150E333-8FDC-42A3-9474-1A3956D46DE8}") = "30 Shared", "30 Shared", "{A22117DD-0FC1-4BBF-922D-E1BDACBDF451}"
EndProject
Project("{9A19103F-16F7-4668-BE54-9A1E7A4F7556}") = "BrewUpApi.Shared", "BrewUpApi.Shared\BrewUpApi.Shared.csproj", "{29013AA6-7B15-4569-9E9E-1BE9B19E7160}"
EndProject
Project("{2150E333-8FDC-42A3-9474-1A3956D46DE8}") = "50 Modules", "50 Modules", "{89B0E209-A9B0-4E36-A78B-343F2D4B6810}"
EndProject
Project("{2150E333-8FDC-42A3-9474-1A3956D46DE8}") = "Logistics", "Logistics", "{E410BBA0-D57B-4445-8C61-0FD07429978F}"
EndProject
Project("{FAE04EC0-301F-11D3-BF4B-00C04F79EFBC}") = "BrewUp.Modules.Logistics", "BrewUp.Modules.Logistics\BrewUp.Modules.Logistics.csproj", "{9DFEBF75-7313-4316-BCC3-99182919AE71}"
EndProject
Project("{FAE04EC0-301F-11D3-BF4B-00C04F79EFBC}") = "BrewUp.Modules.Logistics.Extensions", "BrewUp.Modules.Logistics.Extensions\BrewUp.Modules.Logistics.Extensions.csproj", "{21AF6B2E-AD7C-4AEC-A7D5-84587419B7FD}"
EndProject
Project("{2150E333-8FDC-42A3-9474-1A3956D46DE8}") = "Tests", "Tests", "{405B0EA6-1875-4970-9AFF-729E5317C875}"
EndProject
Project("{FAE04EC0-301F-11D3-BF4B-00C04F79EFBC}") = "BrewUp.Modules.Logistics.Tests", "BrewUp.Modules.Logistics.Tests\BrewUp.Modules.Logistics.Tests.csproj", "{3F1E1964-0760-4DA4-876B-8ED7C41FB8D4}"
EndProject
Project("{FAE04EC0-301F-11D3-BF4B-00C04F79EFBC}") = "BrewUp.Modules.Logistics.Domain", "BrewUp.Modules.Logistics.Domain\BrewUp.Modules.Logistics.Domain.csproj", "{B1869D87-7A98-4BD7-A16F-2A7939E38300}"
EndProject
Project("{2150E333-8FDC-42A3-9474-1A3956D46DE8}") = "40 ReadModel", "40 ReadModel", "{83F97762-A01F-4E7A-BA09-3A2CA4A6E9D8}"
EndProject
Project("{FAE04EC0-301F-11D3-BF4B-00C04F79EFBC}") = "BrewUp.Modules.Logistics.ReadModel", "BrewUp.Modules.Logistics.ReadModel\BrewUp.Modules.Logistics.ReadModel.csproj", "{2BCD808F-B870-454E-A0DF-269FCC7CF0E6}"
EndProject
Project("{2150E333-8FDC-42A3-9474-1A3956D46DE8}") = "20 Infrastructure", "20 Infrastructure", "{45F3AB46-1EE2-4F0D-9AF5-877514395F1B}"
EndProject
Project("{2150E333-8FDC-42A3-9474-1A3956D46DE8}") = "MongoDb", "MongoDb", "{A52BA3C7-8A39-440E-ACE6-9A46BE03F3A2}"
EndProject
Project("{FAE04EC0-301F-11D3-BF4B-00C04F79EFBC}") = "BrewUp.Modules.Logistics.ReadModel.MongoDb", "BrewUp.Modules.Logistics.ReadModel.MongoDb\BrewUp.Modules.Logistics.ReadModel.MongoDb.csproj", "{6CC16FD4-3399-4F40-BDD4-B7A5288C4309}"
EndProject
Global
	GlobalSection(SolutionConfigurationPlatforms) = preSolution
		Debug|Any CPU = Debug|Any CPU
		Release|Any CPU = Release|Any CPU
	EndGlobalSection
	GlobalSection(ProjectConfigurationPlatforms) = postSolution
		{7D069BAC-89C3-4E44-AE7A-A53139A52028}.Debug|Any CPU.ActiveCfg = Debug|Any CPU
		{7D069BAC-89C3-4E44-AE7A-A53139A52028}.Debug|Any CPU.Build.0 = Debug|Any CPU
		{7D069BAC-89C3-4E44-AE7A-A53139A52028}.Release|Any CPU.ActiveCfg = Release|Any CPU
		{7D069BAC-89C3-4E44-AE7A-A53139A52028}.Release|Any CPU.Build.0 = Release|Any CPU
		{29013AA6-7B15-4569-9E9E-1BE9B19E7160}.Debug|Any CPU.ActiveCfg = Debug|Any CPU
		{29013AA6-7B15-4569-9E9E-1BE9B19E7160}.Debug|Any CPU.Build.0 = Debug|Any CPU
		{29013AA6-7B15-4569-9E9E-1BE9B19E7160}.Release|Any CPU.ActiveCfg = Release|Any CPU
		{29013AA6-7B15-4569-9E9E-1BE9B19E7160}.Release|Any CPU.Build.0 = Release|Any CPU
		{9DFEBF75-7313-4316-BCC3-99182919AE71}.Debug|Any CPU.ActiveCfg = Debug|Any CPU
		{9DFEBF75-7313-4316-BCC3-99182919AE71}.Debug|Any CPU.Build.0 = Debug|Any CPU
		{9DFEBF75-7313-4316-BCC3-99182919AE71}.Release|Any CPU.ActiveCfg = Release|Any CPU
		{9DFEBF75-7313-4316-BCC3-99182919AE71}.Release|Any CPU.Build.0 = Release|Any CPU
		{21AF6B2E-AD7C-4AEC-A7D5-84587419B7FD}.Debug|Any CPU.ActiveCfg = Debug|Any CPU
		{21AF6B2E-AD7C-4AEC-A7D5-84587419B7FD}.Debug|Any CPU.Build.0 = Debug|Any CPU
		{21AF6B2E-AD7C-4AEC-A7D5-84587419B7FD}.Release|Any CPU.ActiveCfg = Release|Any CPU
		{21AF6B2E-AD7C-4AEC-A7D5-84587419B7FD}.Release|Any CPU.Build.0 = Release|Any CPU
		{3F1E1964-0760-4DA4-876B-8ED7C41FB8D4}.Debug|Any CPU.ActiveCfg = Debug|Any CPU
		{3F1E1964-0760-4DA4-876B-8ED7C41FB8D4}.Debug|Any CPU.Build.0 = Debug|Any CPU
		{3F1E1964-0760-4DA4-876B-8ED7C41FB8D4}.Release|Any CPU.ActiveCfg = Release|Any CPU
		{3F1E1964-0760-4DA4-876B-8ED7C41FB8D4}.Release|Any CPU.Build.0 = Release|Any CPU
		{B1869D87-7A98-4BD7-A16F-2A7939E38300}.Debug|Any CPU.ActiveCfg = Debug|Any CPU
		{B1869D87-7A98-4BD7-A16F-2A7939E38300}.Debug|Any CPU.Build.0 = Debug|Any CPU
		{B1869D87-7A98-4BD7-A16F-2A7939E38300}.Release|Any CPU.ActiveCfg = Release|Any CPU
		{B1869D87-7A98-4BD7-A16F-2A7939E38300}.Release|Any CPU.Build.0 = Release|Any CPU
		{2BCD808F-B870-454E-A0DF-269FCC7CF0E6}.Debug|Any CPU.ActiveCfg = Debug|Any CPU
		{2BCD808F-B870-454E-A0DF-269FCC7CF0E6}.Debug|Any CPU.Build.0 = Debug|Any CPU
		{2BCD808F-B870-454E-A0DF-269FCC7CF0E6}.Release|Any CPU.ActiveCfg = Release|Any CPU
		{2BCD808F-B870-454E-A0DF-269FCC7CF0E6}.Release|Any CPU.Build.0 = Release|Any CPU
		{6CC16FD4-3399-4F40-BDD4-B7A5288C4309}.Debug|Any CPU.ActiveCfg = Debug|Any CPU
		{6CC16FD4-3399-4F40-BDD4-B7A5288C4309}.Debug|Any CPU.Build.0 = Debug|Any CPU
		{6CC16FD4-3399-4F40-BDD4-B7A5288C4309}.Release|Any CPU.ActiveCfg = Release|Any CPU
		{6CC16FD4-3399-4F40-BDD4-B7A5288C4309}.Release|Any CPU.Build.0 = Release|Any CPU
	EndGlobalSection
	GlobalSection(SolutionProperties) = preSolution
		HideSolutionNode = FALSE
	EndGlobalSection
	GlobalSection(NestedProjects) = preSolution
		{7D069BAC-89C3-4E44-AE7A-A53139A52028} = {2090C6B3-F50B-40B7-B5F6-76AEF47437DE}
		{29013AA6-7B15-4569-9E9E-1BE9B19E7160} = {A22117DD-0FC1-4BBF-922D-E1BDACBDF451}
		{E410BBA0-D57B-4445-8C61-0FD07429978F} = {89B0E209-A9B0-4E36-A78B-343F2D4B6810}
		{9DFEBF75-7313-4316-BCC3-99182919AE71} = {E410BBA0-D57B-4445-8C61-0FD07429978F}
		{21AF6B2E-AD7C-4AEC-A7D5-84587419B7FD} = {E410BBA0-D57B-4445-8C61-0FD07429978F}
		{405B0EA6-1875-4970-9AFF-729E5317C875} = {E410BBA0-D57B-4445-8C61-0FD07429978F}
		{3F1E1964-0760-4DA4-876B-8ED7C41FB8D4} = {405B0EA6-1875-4970-9AFF-729E5317C875}
		{B1869D87-7A98-4BD7-A16F-2A7939E38300} = {E410BBA0-D57B-4445-8C61-0FD07429978F}
		{2BCD808F-B870-454E-A0DF-269FCC7CF0E6} = {83F97762-A01F-4E7A-BA09-3A2CA4A6E9D8}
		{A52BA3C7-8A39-440E-ACE6-9A46BE03F3A2} = {45F3AB46-1EE2-4F0D-9AF5-877514395F1B}
		{6CC16FD4-3399-4F40-BDD4-B7A5288C4309} = {A52BA3C7-8A39-440E-ACE6-9A46BE03F3A2}
	EndGlobalSection
	GlobalSection(ExtensibilityGlobals) = postSolution
		SolutionGuid = {7F8C944A-FA0A-4EDD-B899-20091010563B}
	EndGlobalSection
EndGlobal
